// !$*UTF8*$!
{
	archiveVersion = 1;
	classes = {
	};
	objectVersion = 51;
	objects = {

/* Begin PBXBuildFile section */
		2ED3EB3215B38E4178A18FD9 /* Pods_WeatherTests.framework in Frameworks */ = {isa = PBXBuildFile; fileRef = 6159FA4C2E7ABDC896D98615 /* Pods_WeatherTests.framework */; };
		33F2F19B63FADE1FD54205FC /* Pods_Weather_WeatherUITests.framework in Frameworks */ = {isa = PBXBuildFile; fileRef = 3960A7D303D100F66CF6B754 /* Pods_Weather_WeatherUITests.framework */; };
		A67A4795C3C742ABE238A7C0 /* Pods_Weather.framework in Frameworks */ = {isa = PBXBuildFile; fileRef = CFBD06209A3F8A9325655977 /* Pods_Weather.framework */; };
		C41ED62B264F7D5800182D5D /* AppDelegate.swift in Sources */ = {isa = PBXBuildFile; fileRef = C41ED62A264F7D5800182D5D /* AppDelegate.swift */; };
		C41ED62D264F7D5800182D5D /* SceneDelegate.swift in Sources */ = {isa = PBXBuildFile; fileRef = C41ED62C264F7D5800182D5D /* SceneDelegate.swift */; };
		C41ED62F264F7D5800182D5D /* ViewController.swift in Sources */ = {isa = PBXBuildFile; fileRef = C41ED62E264F7D5800182D5D /* ViewController.swift */; };
		C41ED632264F7D5800182D5D /* Main.storyboard in Resources */ = {isa = PBXBuildFile; fileRef = C41ED630264F7D5800182D5D /* Main.storyboard */; };
		C41ED634264F7D5A00182D5D /* Assets.xcassets in Resources */ = {isa = PBXBuildFile; fileRef = C41ED633264F7D5A00182D5D /* Assets.xcassets */; };
		C41ED637264F7D5A00182D5D /* LaunchScreen.storyboard in Resources */ = {isa = PBXBuildFile; fileRef = C41ED635264F7D5A00182D5D /* LaunchScreen.storyboard */; };
		C41ED642264F7D5A00182D5D /* WeatherTests.swift in Sources */ = {isa = PBXBuildFile; fileRef = C41ED641264F7D5A00182D5D /* WeatherTests.swift */; };
		C41ED64D264F7D5A00182D5D /* WeatherUITests.swift in Sources */ = {isa = PBXBuildFile; fileRef = C41ED64C264F7D5A00182D5D /* WeatherUITests.swift */; };
		C41ED65C264F7DFC00182D5D /* WeatherDetailViewController.swift in Sources */ = {isa = PBXBuildFile; fileRef = C41ED65A264F7DFC00182D5D /* WeatherDetailViewController.swift */; };
		C41ED65D264F7DFC00182D5D /* WeatherDetailViewController.xib in Resources */ = {isa = PBXBuildFile; fileRef = C41ED65B264F7DFC00182D5D /* WeatherDetailViewController.xib */; };
		C41ED664264F7E4D00182D5D /* WeatherCell.swift in Sources */ = {isa = PBXBuildFile; fileRef = C41ED662264F7E4D00182D5D /* WeatherCell.swift */; };
		C41ED665264F7E4D00182D5D /* WeatherCell.xib in Resources */ = {isa = PBXBuildFile; fileRef = C41ED663264F7E4D00182D5D /* WeatherCell.xib */; };
		C41ED66C264F8B4100182D5D /* WeatherDetailHeaderCell.swift in Sources */ = {isa = PBXBuildFile; fileRef = C41ED66A264F8B4100182D5D /* WeatherDetailHeaderCell.swift */; };
		C41ED66D264F8B4100182D5D /* WeatherDetailHeaderCell.xib in Resources */ = {isa = PBXBuildFile; fileRef = C41ED66B264F8B4100182D5D /* WeatherDetailHeaderCell.xib */; };
		C41ED670264F8B5400182D5D /* WeatherDetailInfoCell.swift in Sources */ = {isa = PBXBuildFile; fileRef = C41ED66E264F8B5400182D5D /* WeatherDetailInfoCell.swift */; };
		C41ED671264F8B5400182D5D /* WeatherDetailInfoCell.xib in Resources */ = {isa = PBXBuildFile; fileRef = C41ED66F264F8B5400182D5D /* WeatherDetailInfoCell.xib */; };
		C41ED67A264FBEB100182D5D /* ServerWeatherModel.swift in Sources */ = {isa = PBXBuildFile; fileRef = C41ED679264FBEB100182D5D /* ServerWeatherModel.swift */; };
		C41ED67C264FBF1900182D5D /* WeatherWorker.swift in Sources */ = {isa = PBXBuildFile; fileRef = C41ED67B264FBF1900182D5D /* WeatherWorker.swift */; };
		C41ED67F264FBF7000182D5D /* WeatherNetworkWorkerTests.swift in Sources */ = {isa = PBXBuildFile; fileRef = C41ED67E264FBF7000182D5D /* WeatherNetworkWorkerTests.swift */; };
		C41ED681264FC29A00182D5D /* SampleServerModel.swift in Sources */ = {isa = PBXBuildFile; fileRef = C41ED680264FC29A00182D5D /* SampleServerModel.swift */; };
		C41ED683264FCBC300182D5D /* WeatherLists.swift in Sources */ = {isa = PBXBuildFile; fileRef = C41ED682264FCBC300182D5D /* WeatherLists.swift */; };
		C41ED685264FCE5600182D5D /* WeatherAPI.swift in Sources */ = {isa = PBXBuildFile; fileRef = C41ED684264FCE5600182D5D /* WeatherAPI.swift */; };
		C41ED688264FD0FA00182D5D /* WeatherModel.swift in Sources */ = {isa = PBXBuildFile; fileRef = C41ED687264FD0FA00182D5D /* WeatherModel.swift */; };
		C41ED68B264FDDB900182D5D /* WeatherListInteractor.swift in Sources */ = {isa = PBXBuildFile; fileRef = C41ED68A264FDDB900182D5D /* WeatherListInteractor.swift */; };
		C41ED68D264FDDDA00182D5D /* SearchCityInteractor.swift in Sources */ = {isa = PBXBuildFile; fileRef = C41ED68C264FDDDA00182D5D /* SearchCityInteractor.swift */; };
		C41ED692264FDE7400182D5D /* SearchCityInteractorTests.swift in Sources */ = {isa = PBXBuildFile; fileRef = C41ED691264FDE7400182D5D /* SearchCityInteractorTests.swift */; };
		C41ED694264FED6400182D5D /* SearchCityPresenter.swift in Sources */ = {isa = PBXBuildFile; fileRef = C41ED693264FED6400182D5D /* SearchCityPresenter.swift */; };
		C41ED696264FF0AB00182D5D /* SearchCityModel.swift in Sources */ = {isa = PBXBuildFile; fileRef = C41ED695264FF0AB00182D5D /* SearchCityModel.swift */; };
		C41ED69A26500B1300182D5D /* SearchCityViewController.swift in Sources */ = {isa = PBXBuildFile; fileRef = C41ED69826500B1300182D5D /* SearchCityViewController.swift */; };
		C41ED69B26500B1300182D5D /* SearchCityViewController.xib in Resources */ = {isa = PBXBuildFile; fileRef = C41ED69926500B1300182D5D /* SearchCityViewController.xib */; };
		C47614192650226A006EA8D8 /* WeatherRealmObject.swift in Sources */ = {isa = PBXBuildFile; fileRef = C47614182650226A006EA8D8 /* WeatherRealmObject.swift */; };
		C476141B26502679006EA8D8 /* DatabaseManager.swift in Sources */ = {isa = PBXBuildFile; fileRef = C476141A26502679006EA8D8 /* DatabaseManager.swift */; };
		C476141D265026B3006EA8D8 /* WeatherRealmDataManager.swift in Sources */ = {isa = PBXBuildFile; fileRef = C476141C265026B3006EA8D8 /* WeatherRealmDataManager.swift */; };
		C476141F2650BBE3006EA8D8 /* WeatherDatabaseWorker.swift in Sources */ = {isa = PBXBuildFile; fileRef = C476141E2650BBE3006EA8D8 /* WeatherDatabaseWorker.swift */; };
		C47614212650C53D006EA8D8 /* WeatherErrors.swift in Sources */ = {isa = PBXBuildFile; fileRef = C47614202650C53D006EA8D8 /* WeatherErrors.swift */; };
		C4AED8CA2650104800C07EBA /* SearchCityRouter.swift in Sources */ = {isa = PBXBuildFile; fileRef = C4AED8C92650104800C07EBA /* SearchCityRouter.swift */; };
/* End PBXBuildFile section */

/* Begin PBXContainerItemProxy section */
		C41ED63E264F7D5A00182D5D /* PBXContainerItemProxy */ = {
			isa = PBXContainerItemProxy;
			containerPortal = C41ED61F264F7D5800182D5D /* Project object */;
			proxyType = 1;
			remoteGlobalIDString = C41ED626264F7D5800182D5D;
			remoteInfo = Weather;
		};
		C41ED649264F7D5A00182D5D /* PBXContainerItemProxy */ = {
			isa = PBXContainerItemProxy;
			containerPortal = C41ED61F264F7D5800182D5D /* Project object */;
			proxyType = 1;
			remoteGlobalIDString = C41ED626264F7D5800182D5D;
			remoteInfo = Weather;
		};
/* End PBXContainerItemProxy section */

/* Begin PBXFileReference section */
		3960A7D303D100F66CF6B754 /* Pods_Weather_WeatherUITests.framework */ = {isa = PBXFileReference; explicitFileType = wrapper.framework; includeInIndex = 0; path = Pods_Weather_WeatherUITests.framework; sourceTree = BUILT_PRODUCTS_DIR; };
		40288826B68F3A0255958B6A /* Pods-Weather.debug.xcconfig */ = {isa = PBXFileReference; includeInIndex = 1; lastKnownFileType = text.xcconfig; name = "Pods-Weather.debug.xcconfig"; path = "Target Support Files/Pods-Weather/Pods-Weather.debug.xcconfig"; sourceTree = "<group>"; };
		6159FA4C2E7ABDC896D98615 /* Pods_WeatherTests.framework */ = {isa = PBXFileReference; explicitFileType = wrapper.framework; includeInIndex = 0; path = Pods_WeatherTests.framework; sourceTree = BUILT_PRODUCTS_DIR; };
		6A063E77F77E3BD1B25096E4 /* Pods-WeatherTests.debug.xcconfig */ = {isa = PBXFileReference; includeInIndex = 1; lastKnownFileType = text.xcconfig; name = "Pods-WeatherTests.debug.xcconfig"; path = "Target Support Files/Pods-WeatherTests/Pods-WeatherTests.debug.xcconfig"; sourceTree = "<group>"; };
		B240493BB5811A61C73BE3B6 /* Pods-Weather-WeatherUITests.debug.xcconfig */ = {isa = PBXFileReference; includeInIndex = 1; lastKnownFileType = text.xcconfig; name = "Pods-Weather-WeatherUITests.debug.xcconfig"; path = "Target Support Files/Pods-Weather-WeatherUITests/Pods-Weather-WeatherUITests.debug.xcconfig"; sourceTree = "<group>"; };
		B4970C07A6A30868749626D8 /* Pods-Weather-WeatherUITests.release.xcconfig */ = {isa = PBXFileReference; includeInIndex = 1; lastKnownFileType = text.xcconfig; name = "Pods-Weather-WeatherUITests.release.xcconfig"; path = "Target Support Files/Pods-Weather-WeatherUITests/Pods-Weather-WeatherUITests.release.xcconfig"; sourceTree = "<group>"; };
		C41ED627264F7D5800182D5D /* Weather.app */ = {isa = PBXFileReference; explicitFileType = wrapper.application; includeInIndex = 0; path = Weather.app; sourceTree = BUILT_PRODUCTS_DIR; };
		C41ED62A264F7D5800182D5D /* AppDelegate.swift */ = {isa = PBXFileReference; lastKnownFileType = sourcecode.swift; path = AppDelegate.swift; sourceTree = "<group>"; };
		C41ED62C264F7D5800182D5D /* SceneDelegate.swift */ = {isa = PBXFileReference; lastKnownFileType = sourcecode.swift; path = SceneDelegate.swift; sourceTree = "<group>"; };
		C41ED62E264F7D5800182D5D /* ViewController.swift */ = {isa = PBXFileReference; lastKnownFileType = sourcecode.swift; path = ViewController.swift; sourceTree = "<group>"; };
		C41ED631264F7D5800182D5D /* Base */ = {isa = PBXFileReference; lastKnownFileType = file.storyboard; name = Base; path = Base.lproj/Main.storyboard; sourceTree = "<group>"; };
		C41ED633264F7D5A00182D5D /* Assets.xcassets */ = {isa = PBXFileReference; lastKnownFileType = folder.assetcatalog; path = Assets.xcassets; sourceTree = "<group>"; };
		C41ED636264F7D5A00182D5D /* Base */ = {isa = PBXFileReference; lastKnownFileType = file.storyboard; name = Base; path = Base.lproj/LaunchScreen.storyboard; sourceTree = "<group>"; };
		C41ED638264F7D5A00182D5D /* Info.plist */ = {isa = PBXFileReference; lastKnownFileType = text.plist.xml; path = Info.plist; sourceTree = "<group>"; };
		C41ED63D264F7D5A00182D5D /* WeatherTests.xctest */ = {isa = PBXFileReference; explicitFileType = wrapper.cfbundle; includeInIndex = 0; path = WeatherTests.xctest; sourceTree = BUILT_PRODUCTS_DIR; };
		C41ED641264F7D5A00182D5D /* WeatherTests.swift */ = {isa = PBXFileReference; lastKnownFileType = sourcecode.swift; path = WeatherTests.swift; sourceTree = "<group>"; };
		C41ED643264F7D5A00182D5D /* Info.plist */ = {isa = PBXFileReference; lastKnownFileType = text.plist.xml; path = Info.plist; sourceTree = "<group>"; };
		C41ED648264F7D5A00182D5D /* WeatherUITests.xctest */ = {isa = PBXFileReference; explicitFileType = wrapper.cfbundle; includeInIndex = 0; path = WeatherUITests.xctest; sourceTree = BUILT_PRODUCTS_DIR; };
		C41ED64C264F7D5A00182D5D /* WeatherUITests.swift */ = {isa = PBXFileReference; lastKnownFileType = sourcecode.swift; path = WeatherUITests.swift; sourceTree = "<group>"; };
		C41ED64E264F7D5A00182D5D /* Info.plist */ = {isa = PBXFileReference; lastKnownFileType = text.plist.xml; path = Info.plist; sourceTree = "<group>"; };
		C41ED65A264F7DFC00182D5D /* WeatherDetailViewController.swift */ = {isa = PBXFileReference; lastKnownFileType = sourcecode.swift; path = WeatherDetailViewController.swift; sourceTree = "<group>"; };
		C41ED65B264F7DFC00182D5D /* WeatherDetailViewController.xib */ = {isa = PBXFileReference; lastKnownFileType = file.xib; path = WeatherDetailViewController.xib; sourceTree = "<group>"; };
		C41ED662264F7E4D00182D5D /* WeatherCell.swift */ = {isa = PBXFileReference; lastKnownFileType = sourcecode.swift; path = WeatherCell.swift; sourceTree = "<group>"; };
		C41ED663264F7E4D00182D5D /* WeatherCell.xib */ = {isa = PBXFileReference; lastKnownFileType = file.xib; path = WeatherCell.xib; sourceTree = "<group>"; };
		C41ED66A264F8B4100182D5D /* WeatherDetailHeaderCell.swift */ = {isa = PBXFileReference; lastKnownFileType = sourcecode.swift; path = WeatherDetailHeaderCell.swift; sourceTree = "<group>"; };
		C41ED66B264F8B4100182D5D /* WeatherDetailHeaderCell.xib */ = {isa = PBXFileReference; lastKnownFileType = file.xib; path = WeatherDetailHeaderCell.xib; sourceTree = "<group>"; };
		C41ED66E264F8B5400182D5D /* WeatherDetailInfoCell.swift */ = {isa = PBXFileReference; lastKnownFileType = sourcecode.swift; path = WeatherDetailInfoCell.swift; sourceTree = "<group>"; };
		C41ED66F264F8B5400182D5D /* WeatherDetailInfoCell.xib */ = {isa = PBXFileReference; lastKnownFileType = file.xib; path = WeatherDetailInfoCell.xib; sourceTree = "<group>"; };
		C41ED679264FBEB100182D5D /* ServerWeatherModel.swift */ = {isa = PBXFileReference; lastKnownFileType = sourcecode.swift; path = ServerWeatherModel.swift; sourceTree = "<group>"; };
		C41ED67B264FBF1900182D5D /* WeatherWorker.swift */ = {isa = PBXFileReference; lastKnownFileType = sourcecode.swift; path = WeatherWorker.swift; sourceTree = "<group>"; };
		C41ED67E264FBF7000182D5D /* WeatherNetworkWorkerTests.swift */ = {isa = PBXFileReference; lastKnownFileType = sourcecode.swift; path = WeatherNetworkWorkerTests.swift; sourceTree = "<group>"; };
		C41ED680264FC29A00182D5D /* SampleServerModel.swift */ = {isa = PBXFileReference; lastKnownFileType = sourcecode.swift; path = SampleServerModel.swift; sourceTree = "<group>"; };
		C41ED682264FCBC300182D5D /* WeatherLists.swift */ = {isa = PBXFileReference; lastKnownFileType = sourcecode.swift; path = WeatherLists.swift; sourceTree = "<group>"; };
		C41ED684264FCE5600182D5D /* WeatherAPI.swift */ = {isa = PBXFileReference; lastKnownFileType = sourcecode.swift; path = WeatherAPI.swift; sourceTree = "<group>"; };
		C41ED687264FD0FA00182D5D /* WeatherModel.swift */ = {isa = PBXFileReference; lastKnownFileType = sourcecode.swift; path = WeatherModel.swift; sourceTree = "<group>"; };
		C41ED68A264FDDB900182D5D /* WeatherListInteractor.swift */ = {isa = PBXFileReference; lastKnownFileType = sourcecode.swift; path = WeatherListInteractor.swift; sourceTree = "<group>"; };
		C41ED68C264FDDDA00182D5D /* SearchCityInteractor.swift */ = {isa = PBXFileReference; lastKnownFileType = sourcecode.swift; path = SearchCityInteractor.swift; sourceTree = "<group>"; };
		C41ED691264FDE7400182D5D /* SearchCityInteractorTests.swift */ = {isa = PBXFileReference; lastKnownFileType = sourcecode.swift; path = SearchCityInteractorTests.swift; sourceTree = "<group>"; };
		C41ED693264FED6400182D5D /* SearchCityPresenter.swift */ = {isa = PBXFileReference; lastKnownFileType = sourcecode.swift; path = SearchCityPresenter.swift; sourceTree = "<group>"; };
		C41ED695264FF0AB00182D5D /* SearchCityModel.swift */ = {isa = PBXFileReference; lastKnownFileType = sourcecode.swift; path = SearchCityModel.swift; sourceTree = "<group>"; };
		C41ED69826500B1300182D5D /* SearchCityViewController.swift */ = {isa = PBXFileReference; lastKnownFileType = sourcecode.swift; path = SearchCityViewController.swift; sourceTree = "<group>"; };
		C41ED69926500B1300182D5D /* SearchCityViewController.xib */ = {isa = PBXFileReference; lastKnownFileType = file.xib; path = SearchCityViewController.xib; sourceTree = "<group>"; };
		C47614182650226A006EA8D8 /* WeatherRealmObject.swift */ = {isa = PBXFileReference; lastKnownFileType = sourcecode.swift; path = WeatherRealmObject.swift; sourceTree = "<group>"; };
		C476141A26502679006EA8D8 /* DatabaseManager.swift */ = {isa = PBXFileReference; lastKnownFileType = sourcecode.swift; path = DatabaseManager.swift; sourceTree = "<group>"; };
		C476141C265026B3006EA8D8 /* WeatherRealmDataManager.swift */ = {isa = PBXFileReference; lastKnownFileType = sourcecode.swift; path = WeatherRealmDataManager.swift; sourceTree = "<group>"; };
		C476141E2650BBE3006EA8D8 /* WeatherDatabaseWorker.swift */ = {isa = PBXFileReference; lastKnownFileType = sourcecode.swift; path = WeatherDatabaseWorker.swift; sourceTree = "<group>"; };
		C47614202650C53D006EA8D8 /* WeatherErrors.swift */ = {isa = PBXFileReference; lastKnownFileType = sourcecode.swift; path = WeatherErrors.swift; sourceTree = "<group>"; };
		C4AED8C92650104800C07EBA /* SearchCityRouter.swift */ = {isa = PBXFileReference; lastKnownFileType = sourcecode.swift; path = SearchCityRouter.swift; sourceTree = "<group>"; };
		CFBD06209A3F8A9325655977 /* Pods_Weather.framework */ = {isa = PBXFileReference; explicitFileType = wrapper.framework; includeInIndex = 0; path = Pods_Weather.framework; sourceTree = BUILT_PRODUCTS_DIR; };
		D8958CC9387C20DA62F60F10 /* Pods-WeatherTests.release.xcconfig */ = {isa = PBXFileReference; includeInIndex = 1; lastKnownFileType = text.xcconfig; name = "Pods-WeatherTests.release.xcconfig"; path = "Target Support Files/Pods-WeatherTests/Pods-WeatherTests.release.xcconfig"; sourceTree = "<group>"; };
		E7E27FE289404DD09DC89A25 /* Pods-Weather.release.xcconfig */ = {isa = PBXFileReference; includeInIndex = 1; lastKnownFileType = text.xcconfig; name = "Pods-Weather.release.xcconfig"; path = "Target Support Files/Pods-Weather/Pods-Weather.release.xcconfig"; sourceTree = "<group>"; };
/* End PBXFileReference section */

/* Begin PBXFrameworksBuildPhase section */
		C41ED624264F7D5800182D5D /* Frameworks */ = {
			isa = PBXFrameworksBuildPhase;
			buildActionMask = 2147483647;
			files = (
				A67A4795C3C742ABE238A7C0 /* Pods_Weather.framework in Frameworks */,
			);
			runOnlyForDeploymentPostprocessing = 0;
		};
		C41ED63A264F7D5A00182D5D /* Frameworks */ = {
			isa = PBXFrameworksBuildPhase;
			buildActionMask = 2147483647;
			files = (
				2ED3EB3215B38E4178A18FD9 /* Pods_WeatherTests.framework in Frameworks */,
			);
			runOnlyForDeploymentPostprocessing = 0;
		};
		C41ED645264F7D5A00182D5D /* Frameworks */ = {
			isa = PBXFrameworksBuildPhase;
			buildActionMask = 2147483647;
			files = (
				33F2F19B63FADE1FD54205FC /* Pods_Weather_WeatherUITests.framework in Frameworks */,
			);
			runOnlyForDeploymentPostprocessing = 0;
		};
/* End PBXFrameworksBuildPhase section */

/* Begin PBXGroup section */
		C41ED61E264F7D5800182D5D = {
			isa = PBXGroup;
			children = (
				C41ED629264F7D5800182D5D /* Weather */,
				C41ED640264F7D5A00182D5D /* WeatherTests */,
				C41ED64B264F7D5A00182D5D /* WeatherUITests */,
				C41ED628264F7D5800182D5D /* Products */,
				D71B4F790F9815D3F28068DC /* Pods */,
				EFD8354DE00804AD96FF54AC /* Frameworks */,
			);
			sourceTree = "<group>";
		};
		C41ED628264F7D5800182D5D /* Products */ = {
			isa = PBXGroup;
			children = (
				C41ED627264F7D5800182D5D /* Weather.app */,
				C41ED63D264F7D5A00182D5D /* WeatherTests.xctest */,
				C41ED648264F7D5A00182D5D /* WeatherUITests.xctest */,
			);
			name = Products;
			sourceTree = "<group>";
		};
		C41ED629264F7D5800182D5D /* Weather */ = {
			isa = PBXGroup;
			children = (
				C41ED62A264F7D5800182D5D /* AppDelegate.swift */,
				C41ED62C264F7D5800182D5D /* SceneDelegate.swift */,
				C47614182650226A006EA8D8 /* WeatherRealmObject.swift */,
				C476141A26502679006EA8D8 /* DatabaseManager.swift */,
				C41ED686264FCE5C00182D5D /* Services */,
				C41ED678264FBEA100182D5D /* Models */,
				C41ED689264FD3EA00182D5D /* Workers */,
				C41ED6972650098700182D5D /* Scenes */,
				C41ED633264F7D5A00182D5D /* Assets.xcassets */,
				C41ED635264F7D5A00182D5D /* LaunchScreen.storyboard */,
				C41ED638264F7D5A00182D5D /* Info.plist */,
			);
			path = Weather;
			sourceTree = "<group>";
		};
		C41ED640264F7D5A00182D5D /* WeatherTests */ = {
			isa = PBXGroup;
			children = (
				C41ED68E264FDE4200182D5D /* Scenes */,
				C41ED67D264FBF3400182D5D /* WeatherWorkers */,
				C41ED641264F7D5A00182D5D /* WeatherTests.swift */,
				C41ED643264F7D5A00182D5D /* Info.plist */,
				C41ED680264FC29A00182D5D /* SampleServerModel.swift */,
			);
			path = WeatherTests;
			sourceTree = "<group>";
		};
		C41ED64B264F7D5A00182D5D /* WeatherUITests */ = {
			isa = PBXGroup;
			children = (
				C41ED64C264F7D5A00182D5D /* WeatherUITests.swift */,
				C41ED64E264F7D5A00182D5D /* Info.plist */,
			);
			path = WeatherUITests;
			sourceTree = "<group>";
		};
		C41ED672264FB98C00182D5D /* WeatherList */ = {
			isa = PBXGroup;
			children = (
				C41ED673264FB9FA00182D5D /* ViewController */,
				C41ED682264FCBC300182D5D /* WeatherLists.swift */,
				C41ED68A264FDDB900182D5D /* WeatherListInteractor.swift */,
			);
			path = WeatherList;
			sourceTree = "<group>";
		};
		C41ED673264FB9FA00182D5D /* ViewController */ = {
			isa = PBXGroup;
			children = (
				C41ED62E264F7D5800182D5D /* ViewController.swift */,
				C41ED630264F7D5800182D5D /* Main.storyboard */,
				C41ED662264F7E4D00182D5D /* WeatherCell.swift */,
				C41ED663264F7E4D00182D5D /* WeatherCell.xib */,
			);
			path = ViewController;
			sourceTree = "<group>";
		};
		C41ED674264FBA1C00182D5D /* WeatherDetail */ = {
			isa = PBXGroup;
			children = (
				C41ED675264FBA5C00182D5D /* ViewController */,
			);
			path = WeatherDetail;
			sourceTree = "<group>";
		};
		C41ED675264FBA5C00182D5D /* ViewController */ = {
			isa = PBXGroup;
			children = (
				C41ED65A264F7DFC00182D5D /* WeatherDetailViewController.swift */,
				C41ED65B264F7DFC00182D5D /* WeatherDetailViewController.xib */,
				C41ED66A264F8B4100182D5D /* WeatherDetailHeaderCell.swift */,
				C41ED66B264F8B4100182D5D /* WeatherDetailHeaderCell.xib */,
				C41ED66E264F8B5400182D5D /* WeatherDetailInfoCell.swift */,
				C41ED66F264F8B5400182D5D /* WeatherDetailInfoCell.xib */,
			);
			path = ViewController;
			sourceTree = "<group>";
		};
		C41ED676264FBBA700182D5D /* SearchCity */ = {
			isa = PBXGroup;
			children = (
				C41ED677264FBBB300182D5D /* ViewController */,
				C41ED68C264FDDDA00182D5D /* SearchCityInteractor.swift */,
				C41ED693264FED6400182D5D /* SearchCityPresenter.swift */,
				C4AED8C92650104800C07EBA /* SearchCityRouter.swift */,
				C41ED695264FF0AB00182D5D /* SearchCityModel.swift */,
			);
			path = SearchCity;
			sourceTree = "<group>";
		};
		C41ED677264FBBB300182D5D /* ViewController */ = {
			isa = PBXGroup;
			children = (
				C41ED69826500B1300182D5D /* SearchCityViewController.swift */,
				C41ED69926500B1300182D5D /* SearchCityViewController.xib */,
			);
			path = ViewController;
			sourceTree = "<group>";
		};
		C41ED678264FBEA100182D5D /* Models */ = {
			isa = PBXGroup;
			children = (
				C41ED679264FBEB100182D5D /* ServerWeatherModel.swift */,
				C41ED687264FD0FA00182D5D /* WeatherModel.swift */,
			);
			path = Models;
			sourceTree = "<group>";
		};
		C41ED67D264FBF3400182D5D /* WeatherWorkers */ = {
			isa = PBXGroup;
			children = (
				C41ED67E264FBF7000182D5D /* WeatherNetworkWorkerTests.swift */,
			);
			path = WeatherWorkers;
			sourceTree = "<group>";
		};
		C41ED686264FCE5C00182D5D /* Services */ = {
			isa = PBXGroup;
			children = (
				C476141C265026B3006EA8D8 /* WeatherRealmDataManager.swift */,
				C41ED684264FCE5600182D5D /* WeatherAPI.swift */,
				C47614202650C53D006EA8D8 /* WeatherErrors.swift */,
			);
			path = Services;
			sourceTree = "<group>";
		};
		C41ED689264FD3EA00182D5D /* Workers */ = {
			isa = PBXGroup;
			children = (
				C41ED67B264FBF1900182D5D /* WeatherWorker.swift */,
				C476141E2650BBE3006EA8D8 /* WeatherDatabaseWorker.swift */,
			);
			path = Workers;
			sourceTree = "<group>";
		};
		C41ED68E264FDE4200182D5D /* Scenes */ = {
			isa = PBXGroup;
			children = (
				C41ED691264FDE7400182D5D /* SearchCityInteractorTests.swift */,
			);
			path = Scenes;
			sourceTree = "<group>";
		};
		C41ED6972650098700182D5D /* Scenes */ = {
			isa = PBXGroup;
			children = (
				C41ED672264FB98C00182D5D /* WeatherList */,
				C41ED674264FBA1C00182D5D /* WeatherDetail */,
				C41ED676264FBBA700182D5D /* SearchCity */,
			);
			path = Scenes;
			sourceTree = "<group>";
		};
		D71B4F790F9815D3F28068DC /* Pods */ = {
			isa = PBXGroup;
			children = (
				40288826B68F3A0255958B6A /* Pods-Weather.debug.xcconfig */,
				E7E27FE289404DD09DC89A25 /* Pods-Weather.release.xcconfig */,
				B240493BB5811A61C73BE3B6 /* Pods-Weather-WeatherUITests.debug.xcconfig */,
				B4970C07A6A30868749626D8 /* Pods-Weather-WeatherUITests.release.xcconfig */,
				6A063E77F77E3BD1B25096E4 /* Pods-WeatherTests.debug.xcconfig */,
				D8958CC9387C20DA62F60F10 /* Pods-WeatherTests.release.xcconfig */,
			);
			path = Pods;
			sourceTree = "<group>";
		};
		EFD8354DE00804AD96FF54AC /* Frameworks */ = {
			isa = PBXGroup;
			children = (
				CFBD06209A3F8A9325655977 /* Pods_Weather.framework */,
				3960A7D303D100F66CF6B754 /* Pods_Weather_WeatherUITests.framework */,
				6159FA4C2E7ABDC896D98615 /* Pods_WeatherTests.framework */,
			);
			name = Frameworks;
			sourceTree = "<group>";
		};
/* End PBXGroup section */

/* Begin PBXNativeTarget section */
		C41ED626264F7D5800182D5D /* Weather */ = {
			isa = PBXNativeTarget;
			buildConfigurationList = C41ED651264F7D5A00182D5D /* Build configuration list for PBXNativeTarget "Weather" */;
			buildPhases = (
				720148DF181630AB488F8F3C /* [CP] Check Pods Manifest.lock */,
				C41ED623264F7D5800182D5D /* Sources */,
				C41ED624264F7D5800182D5D /* Frameworks */,
				C41ED625264F7D5800182D5D /* Resources */,
				3977C2242E62B80A58310C75 /* [CP] Embed Pods Frameworks */,
			);
			buildRules = (
			);
			dependencies = (
			);
			name = Weather;
			productName = Weather;
			productReference = C41ED627264F7D5800182D5D /* Weather.app */;
			productType = "com.apple.product-type.application";
		};
		C41ED63C264F7D5A00182D5D /* WeatherTests */ = {
			isa = PBXNativeTarget;
			buildConfigurationList = C41ED654264F7D5A00182D5D /* Build configuration list for PBXNativeTarget "WeatherTests" */;
			buildPhases = (
				4DFDFFE6127FD5FE6FA60E9E /* [CP] Check Pods Manifest.lock */,
				C41ED639264F7D5A00182D5D /* Sources */,
				C41ED63A264F7D5A00182D5D /* Frameworks */,
				C41ED63B264F7D5A00182D5D /* Resources */,
			);
			buildRules = (
			);
			dependencies = (
				C41ED63F264F7D5A00182D5D /* PBXTargetDependency */,
			);
			name = WeatherTests;
			productName = WeatherTests;
			productReference = C41ED63D264F7D5A00182D5D /* WeatherTests.xctest */;
			productType = "com.apple.product-type.bundle.unit-test";
		};
		C41ED647264F7D5A00182D5D /* WeatherUITests */ = {
			isa = PBXNativeTarget;
			buildConfigurationList = C41ED657264F7D5A00182D5D /* Build configuration list for PBXNativeTarget "WeatherUITests" */;
			buildPhases = (
				93880BB39A19F452693702EC /* [CP] Check Pods Manifest.lock */,
				C41ED644264F7D5A00182D5D /* Sources */,
				C41ED645264F7D5A00182D5D /* Frameworks */,
				C41ED646264F7D5A00182D5D /* Resources */,
				DB8B1FCBB27BDD47F6D7C79A /* [CP] Embed Pods Frameworks */,
			);
			buildRules = (
			);
			dependencies = (
				C41ED64A264F7D5A00182D5D /* PBXTargetDependency */,
			);
			name = WeatherUITests;
			productName = WeatherUITests;
			productReference = C41ED648264F7D5A00182D5D /* WeatherUITests.xctest */;
			productType = "com.apple.product-type.bundle.ui-testing";
		};
/* End PBXNativeTarget section */

/* Begin PBXProject section */
		C41ED61F264F7D5800182D5D /* Project object */ = {
			isa = PBXProject;
			attributes = {
				LastSwiftUpdateCheck = 1250;
				LastUpgradeCheck = 1250;
				TargetAttributes = {
					C41ED626264F7D5800182D5D = {
						CreatedOnToolsVersion = 12.5;
					};
					C41ED63C264F7D5A00182D5D = {
						CreatedOnToolsVersion = 12.5;
						TestTargetID = C41ED626264F7D5800182D5D;
					};
					C41ED647264F7D5A00182D5D = {
						CreatedOnToolsVersion = 12.5;
						TestTargetID = C41ED626264F7D5800182D5D;
					};
				};
			};
			buildConfigurationList = C41ED622264F7D5800182D5D /* Build configuration list for PBXProject "Weather" */;
			compatibilityVersion = "Xcode 9.3";
			developmentRegion = en;
			hasScannedForEncodings = 0;
			knownRegions = (
				en,
				Base,
			);
			mainGroup = C41ED61E264F7D5800182D5D;
			productRefGroup = C41ED628264F7D5800182D5D /* Products */;
			projectDirPath = "";
			projectRoot = "";
			targets = (
				C41ED626264F7D5800182D5D /* Weather */,
				C41ED63C264F7D5A00182D5D /* WeatherTests */,
				C41ED647264F7D5A00182D5D /* WeatherUITests */,
			);
		};
/* End PBXProject section */

/* Begin PBXResourcesBuildPhase section */
		C41ED625264F7D5800182D5D /* Resources */ = {
			isa = PBXResourcesBuildPhase;
			buildActionMask = 2147483647;
			files = (
				C41ED637264F7D5A00182D5D /* LaunchScreen.storyboard in Resources */,
				C41ED671264F8B5400182D5D /* WeatherDetailInfoCell.xib in Resources */,
				C41ED66D264F8B4100182D5D /* WeatherDetailHeaderCell.xib in Resources */,
				C41ED69B26500B1300182D5D /* SearchCityViewController.xib in Resources */,
				C41ED665264F7E4D00182D5D /* WeatherCell.xib in Resources */,
				C41ED634264F7D5A00182D5D /* Assets.xcassets in Resources */,
				C41ED65D264F7DFC00182D5D /* WeatherDetailViewController.xib in Resources */,
				C41ED632264F7D5800182D5D /* Main.storyboard in Resources */,
			);
			runOnlyForDeploymentPostprocessing = 0;
		};
		C41ED63B264F7D5A00182D5D /* Resources */ = {
			isa = PBXResourcesBuildPhase;
			buildActionMask = 2147483647;
			files = (
			);
			runOnlyForDeploymentPostprocessing = 0;
		};
		C41ED646264F7D5A00182D5D /* Resources */ = {
			isa = PBXResourcesBuildPhase;
			buildActionMask = 2147483647;
			files = (
			);
			runOnlyForDeploymentPostprocessing = 0;
		};
/* End PBXResourcesBuildPhase section */

/* Begin PBXShellScriptBuildPhase section */
		3977C2242E62B80A58310C75 /* [CP] Embed Pods Frameworks */ = {
			isa = PBXShellScriptBuildPhase;
			buildActionMask = 2147483647;
			files = (
			);
			inputFileListPaths = (
				"${PODS_ROOT}/Target Support Files/Pods-Weather/Pods-Weather-frameworks-${CONFIGURATION}-input-files.xcfilelist",
			);
			name = "[CP] Embed Pods Frameworks";
			outputFileListPaths = (
				"${PODS_ROOT}/Target Support Files/Pods-Weather/Pods-Weather-frameworks-${CONFIGURATION}-output-files.xcfilelist",
			);
			runOnlyForDeploymentPostprocessing = 0;
			shellPath = /bin/sh;
			shellScript = "\"${PODS_ROOT}/Target Support Files/Pods-Weather/Pods-Weather-frameworks.sh\"\n";
			showEnvVarsInLog = 0;
		};
		4DFDFFE6127FD5FE6FA60E9E /* [CP] Check Pods Manifest.lock */ = {
			isa = PBXShellScriptBuildPhase;
			buildActionMask = 2147483647;
			files = (
			);
			inputFileListPaths = (
			);
			inputPaths = (
				"${PODS_PODFILE_DIR_PATH}/Podfile.lock",
				"${PODS_ROOT}/Manifest.lock",
			);
			name = "[CP] Check Pods Manifest.lock";
			outputFileListPaths = (
			);
			outputPaths = (
				"$(DERIVED_FILE_DIR)/Pods-WeatherTests-checkManifestLockResult.txt",
			);
			runOnlyForDeploymentPostprocessing = 0;
			shellPath = /bin/sh;
			shellScript = "diff \"${PODS_PODFILE_DIR_PATH}/Podfile.lock\" \"${PODS_ROOT}/Manifest.lock\" > /dev/null\nif [ $? != 0 ] ; then\n    # print error to STDERR\n    echo \"error: The sandbox is not in sync with the Podfile.lock. Run 'pod install' or update your CocoaPods installation.\" >&2\n    exit 1\nfi\n# This output is used by Xcode 'outputs' to avoid re-running this script phase.\necho \"SUCCESS\" > \"${SCRIPT_OUTPUT_FILE_0}\"\n";
			showEnvVarsInLog = 0;
		};
		720148DF181630AB488F8F3C /* [CP] Check Pods Manifest.lock */ = {
			isa = PBXShellScriptBuildPhase;
			buildActionMask = 2147483647;
			files = (
			);
			inputFileListPaths = (
			);
			inputPaths = (
				"${PODS_PODFILE_DIR_PATH}/Podfile.lock",
				"${PODS_ROOT}/Manifest.lock",
			);
			name = "[CP] Check Pods Manifest.lock";
			outputFileListPaths = (
			);
			outputPaths = (
				"$(DERIVED_FILE_DIR)/Pods-Weather-checkManifestLockResult.txt",
			);
			runOnlyForDeploymentPostprocessing = 0;
			shellPath = /bin/sh;
			shellScript = "diff \"${PODS_PODFILE_DIR_PATH}/Podfile.lock\" \"${PODS_ROOT}/Manifest.lock\" > /dev/null\nif [ $? != 0 ] ; then\n    # print error to STDERR\n    echo \"error: The sandbox is not in sync with the Podfile.lock. Run 'pod install' or update your CocoaPods installation.\" >&2\n    exit 1\nfi\n# This output is used by Xcode 'outputs' to avoid re-running this script phase.\necho \"SUCCESS\" > \"${SCRIPT_OUTPUT_FILE_0}\"\n";
			showEnvVarsInLog = 0;
		};
		93880BB39A19F452693702EC /* [CP] Check Pods Manifest.lock */ = {
			isa = PBXShellScriptBuildPhase;
			buildActionMask = 2147483647;
			files = (
			);
			inputFileListPaths = (
			);
			inputPaths = (
				"${PODS_PODFILE_DIR_PATH}/Podfile.lock",
				"${PODS_ROOT}/Manifest.lock",
			);
			name = "[CP] Check Pods Manifest.lock";
			outputFileListPaths = (
			);
			outputPaths = (
				"$(DERIVED_FILE_DIR)/Pods-Weather-WeatherUITests-checkManifestLockResult.txt",
			);
			runOnlyForDeploymentPostprocessing = 0;
			shellPath = /bin/sh;
			shellScript = "diff \"${PODS_PODFILE_DIR_PATH}/Podfile.lock\" \"${PODS_ROOT}/Manifest.lock\" > /dev/null\nif [ $? != 0 ] ; then\n    # print error to STDERR\n    echo \"error: The sandbox is not in sync with the Podfile.lock. Run 'pod install' or update your CocoaPods installation.\" >&2\n    exit 1\nfi\n# This output is used by Xcode 'outputs' to avoid re-running this script phase.\necho \"SUCCESS\" > \"${SCRIPT_OUTPUT_FILE_0}\"\n";
			showEnvVarsInLog = 0;
		};
		DB8B1FCBB27BDD47F6D7C79A /* [CP] Embed Pods Frameworks */ = {
			isa = PBXShellScriptBuildPhase;
			buildActionMask = 2147483647;
			files = (
			);
			inputFileListPaths = (
				"${PODS_ROOT}/Target Support Files/Pods-Weather-WeatherUITests/Pods-Weather-WeatherUITests-frameworks-${CONFIGURATION}-input-files.xcfilelist",
			);
			name = "[CP] Embed Pods Frameworks";
			outputFileListPaths = (
				"${PODS_ROOT}/Target Support Files/Pods-Weather-WeatherUITests/Pods-Weather-WeatherUITests-frameworks-${CONFIGURATION}-output-files.xcfilelist",
			);
			runOnlyForDeploymentPostprocessing = 0;
			shellPath = /bin/sh;
			shellScript = "\"${PODS_ROOT}/Target Support Files/Pods-Weather-WeatherUITests/Pods-Weather-WeatherUITests-frameworks.sh\"\n";
			showEnvVarsInLog = 0;
		};
/* End PBXShellScriptBuildPhase section */

/* Begin PBXSourcesBuildPhase section */
		C41ED623264F7D5800182D5D /* Sources */ = {
			isa = PBXSourcesBuildPhase;
			buildActionMask = 2147483647;
			files = (
				C41ED68D264FDDDA00182D5D /* SearchCityInteractor.swift in Sources */,
				C41ED62F264F7D5800182D5D /* ViewController.swift in Sources */,
				C41ED696264FF0AB00182D5D /* SearchCityModel.swift in Sources */,
				C41ED67C264FBF1900182D5D /* WeatherWorker.swift in Sources */,
				C41ED664264F7E4D00182D5D /* WeatherCell.swift in Sources */,
				C41ED67A264FBEB100182D5D /* ServerWeatherModel.swift in Sources */,
				C41ED688264FD0FA00182D5D /* WeatherModel.swift in Sources */,
				C41ED62B264F7D5800182D5D /* AppDelegate.swift in Sources */,
				C41ED69A26500B1300182D5D /* SearchCityViewController.swift in Sources */,
				C41ED68B264FDDB900182D5D /* WeatherListInteractor.swift in Sources */,
				C476141D265026B3006EA8D8 /* WeatherRealmDataManager.swift in Sources */,
				C41ED66C264F8B4100182D5D /* WeatherDetailHeaderCell.swift in Sources */,
				C41ED670264F8B5400182D5D /* WeatherDetailInfoCell.swift in Sources */,
				C476141B26502679006EA8D8 /* DatabaseManager.swift in Sources */,
				C41ED694264FED6400182D5D /* SearchCityPresenter.swift in Sources */,
				C4AED8CA2650104800C07EBA /* SearchCityRouter.swift in Sources */,
				C41ED65C264F7DFC00182D5D /* WeatherDetailViewController.swift in Sources */,
				C47614212650C53D006EA8D8 /* WeatherErrors.swift in Sources */,
				C41ED685264FCE5600182D5D /* WeatherAPI.swift in Sources */,
				C41ED683264FCBC300182D5D /* WeatherLists.swift in Sources */,
				C47614192650226A006EA8D8 /* WeatherRealmObject.swift in Sources */,
				C41ED62D264F7D5800182D5D /* SceneDelegate.swift in Sources */,
				C476141F2650BBE3006EA8D8 /* WeatherDatabaseWorker.swift in Sources */,
			);
			runOnlyForDeploymentPostprocessing = 0;
		};
		C41ED639264F7D5A00182D5D /* Sources */ = {
			isa = PBXSourcesBuildPhase;
			buildActionMask = 2147483647;
			files = (
				C41ED642264F7D5A00182D5D /* WeatherTests.swift in Sources */,
				C41ED67F264FBF7000182D5D /* WeatherNetworkWorkerTests.swift in Sources */,
				C41ED681264FC29A00182D5D /* SampleServerModel.swift in Sources */,
				C41ED692264FDE7400182D5D /* SearchCityInteractorTests.swift in Sources */,
			);
			runOnlyForDeploymentPostprocessing = 0;
		};
		C41ED644264F7D5A00182D5D /* Sources */ = {
			isa = PBXSourcesBuildPhase;
			buildActionMask = 2147483647;
			files = (
				C41ED64D264F7D5A00182D5D /* WeatherUITests.swift in Sources */,
			);
			runOnlyForDeploymentPostprocessing = 0;
		};
/* End PBXSourcesBuildPhase section */

/* Begin PBXTargetDependency section */
		C41ED63F264F7D5A00182D5D /* PBXTargetDependency */ = {
			isa = PBXTargetDependency;
			target = C41ED626264F7D5800182D5D /* Weather */;
			targetProxy = C41ED63E264F7D5A00182D5D /* PBXContainerItemProxy */;
		};
		C41ED64A264F7D5A00182D5D /* PBXTargetDependency */ = {
			isa = PBXTargetDependency;
			target = C41ED626264F7D5800182D5D /* Weather */;
			targetProxy = C41ED649264F7D5A00182D5D /* PBXContainerItemProxy */;
		};
/* End PBXTargetDependency section */

/* Begin PBXVariantGroup section */
		C41ED630264F7D5800182D5D /* Main.storyboard */ = {
			isa = PBXVariantGroup;
			children = (
				C41ED631264F7D5800182D5D /* Base */,
			);
			name = Main.storyboard;
			sourceTree = "<group>";
		};
		C41ED635264F7D5A00182D5D /* LaunchScreen.storyboard */ = {
			isa = PBXVariantGroup;
			children = (
				C41ED636264F7D5A00182D5D /* Base */,
			);
			name = LaunchScreen.storyboard;
			sourceTree = "<group>";
		};
/* End PBXVariantGroup section */

/* Begin XCBuildConfiguration section */
		C41ED64F264F7D5A00182D5D /* Debug */ = {
			isa = XCBuildConfiguration;
			buildSettings = {
				ALWAYS_SEARCH_USER_PATHS = NO;
				CLANG_ANALYZER_NONNULL = YES;
				CLANG_ANALYZER_NUMBER_OBJECT_CONVERSION = YES_AGGRESSIVE;
				CLANG_CXX_LANGUAGE_STANDARD = "gnu++14";
				CLANG_CXX_LIBRARY = "libc++";
				CLANG_ENABLE_MODULES = YES;
				CLANG_ENABLE_OBJC_ARC = YES;
				CLANG_ENABLE_OBJC_WEAK = YES;
				CLANG_WARN_BLOCK_CAPTURE_AUTORELEASING = YES;
				CLANG_WARN_BOOL_CONVERSION = YES;
				CLANG_WARN_COMMA = YES;
				CLANG_WARN_CONSTANT_CONVERSION = YES;
				CLANG_WARN_DEPRECATED_OBJC_IMPLEMENTATIONS = YES;
				CLANG_WARN_DIRECT_OBJC_ISA_USAGE = YES_ERROR;
				CLANG_WARN_DOCUMENTATION_COMMENTS = YES;
				CLANG_WARN_EMPTY_BODY = YES;
				CLANG_WARN_ENUM_CONVERSION = YES;
				CLANG_WARN_INFINITE_RECURSION = YES;
				CLANG_WARN_INT_CONVERSION = YES;
				CLANG_WARN_NON_LITERAL_NULL_CONVERSION = YES;
				CLANG_WARN_OBJC_IMPLICIT_RETAIN_SELF = YES;
				CLANG_WARN_OBJC_LITERAL_CONVERSION = YES;
				CLANG_WARN_OBJC_ROOT_CLASS = YES_ERROR;
				CLANG_WARN_QUOTED_INCLUDE_IN_FRAMEWORK_HEADER = YES;
				CLANG_WARN_RANGE_LOOP_ANALYSIS = YES;
				CLANG_WARN_STRICT_PROTOTYPES = YES;
				CLANG_WARN_SUSPICIOUS_MOVE = YES;
				CLANG_WARN_UNGUARDED_AVAILABILITY = YES_AGGRESSIVE;
				CLANG_WARN_UNREACHABLE_CODE = YES;
				CLANG_WARN__DUPLICATE_METHOD_MATCH = YES;
				COPY_PHASE_STRIP = NO;
				DEBUG_INFORMATION_FORMAT = dwarf;
				ENABLE_STRICT_OBJC_MSGSEND = YES;
				ENABLE_TESTABILITY = YES;
				GCC_C_LANGUAGE_STANDARD = gnu11;
				GCC_DYNAMIC_NO_PIC = NO;
				GCC_NO_COMMON_BLOCKS = YES;
				GCC_OPTIMIZATION_LEVEL = 0;
				GCC_PREPROCESSOR_DEFINITIONS = (
					"DEBUG=1",
					"$(inherited)",
				);
				GCC_WARN_64_TO_32_BIT_CONVERSION = YES;
				GCC_WARN_ABOUT_RETURN_TYPE = YES_ERROR;
				GCC_WARN_UNDECLARED_SELECTOR = YES;
				GCC_WARN_UNINITIALIZED_AUTOS = YES_AGGRESSIVE;
				GCC_WARN_UNUSED_FUNCTION = YES;
				GCC_WARN_UNUSED_VARIABLE = YES;
				IPHONEOS_DEPLOYMENT_TARGET = 14.5;
				MTL_ENABLE_DEBUG_INFO = INCLUDE_SOURCE;
				MTL_FAST_MATH = YES;
				ONLY_ACTIVE_ARCH = YES;
				SDKROOT = iphoneos;
				SWIFT_ACTIVE_COMPILATION_CONDITIONS = DEBUG;
				SWIFT_OPTIMIZATION_LEVEL = "-Onone";
			};
			name = Debug;
		};
		C41ED650264F7D5A00182D5D /* Release */ = {
			isa = XCBuildConfiguration;
			buildSettings = {
				ALWAYS_SEARCH_USER_PATHS = NO;
				CLANG_ANALYZER_NONNULL = YES;
				CLANG_ANALYZER_NUMBER_OBJECT_CONVERSION = YES_AGGRESSIVE;
				CLANG_CXX_LANGUAGE_STANDARD = "gnu++14";
				CLANG_CXX_LIBRARY = "libc++";
				CLANG_ENABLE_MODULES = YES;
				CLANG_ENABLE_OBJC_ARC = YES;
				CLANG_ENABLE_OBJC_WEAK = YES;
				CLANG_WARN_BLOCK_CAPTURE_AUTORELEASING = YES;
				CLANG_WARN_BOOL_CONVERSION = YES;
				CLANG_WARN_COMMA = YES;
				CLANG_WARN_CONSTANT_CONVERSION = YES;
				CLANG_WARN_DEPRECATED_OBJC_IMPLEMENTATIONS = YES;
				CLANG_WARN_DIRECT_OBJC_ISA_USAGE = YES_ERROR;
				CLANG_WARN_DOCUMENTATION_COMMENTS = YES;
				CLANG_WARN_EMPTY_BODY = YES;
				CLANG_WARN_ENUM_CONVERSION = YES;
				CLANG_WARN_INFINITE_RECURSION = YES;
				CLANG_WARN_INT_CONVERSION = YES;
				CLANG_WARN_NON_LITERAL_NULL_CONVERSION = YES;
				CLANG_WARN_OBJC_IMPLICIT_RETAIN_SELF = YES;
				CLANG_WARN_OBJC_LITERAL_CONVERSION = YES;
				CLANG_WARN_OBJC_ROOT_CLASS = YES_ERROR;
				CLANG_WARN_QUOTED_INCLUDE_IN_FRAMEWORK_HEADER = YES;
				CLANG_WARN_RANGE_LOOP_ANALYSIS = YES;
				CLANG_WARN_STRICT_PROTOTYPES = YES;
				CLANG_WARN_SUSPICIOUS_MOVE = YES;
				CLANG_WARN_UNGUARDED_AVAILABILITY = YES_AGGRESSIVE;
				CLANG_WARN_UNREACHABLE_CODE = YES;
				CLANG_WARN__DUPLICATE_METHOD_MATCH = YES;
				COPY_PHASE_STRIP = NO;
				DEBUG_INFORMATION_FORMAT = "dwarf-with-dsym";
				ENABLE_NS_ASSERTIONS = NO;
				ENABLE_STRICT_OBJC_MSGSEND = YES;
				GCC_C_LANGUAGE_STANDARD = gnu11;
				GCC_NO_COMMON_BLOCKS = YES;
				GCC_WARN_64_TO_32_BIT_CONVERSION = YES;
				GCC_WARN_ABOUT_RETURN_TYPE = YES_ERROR;
				GCC_WARN_UNDECLARED_SELECTOR = YES;
				GCC_WARN_UNINITIALIZED_AUTOS = YES_AGGRESSIVE;
				GCC_WARN_UNUSED_FUNCTION = YES;
				GCC_WARN_UNUSED_VARIABLE = YES;
				IPHONEOS_DEPLOYMENT_TARGET = 14.5;
				MTL_ENABLE_DEBUG_INFO = NO;
				MTL_FAST_MATH = YES;
				SDKROOT = iphoneos;
				SWIFT_COMPILATION_MODE = wholemodule;
				SWIFT_OPTIMIZATION_LEVEL = "-O";
				VALIDATE_PRODUCT = YES;
			};
			name = Release;
		};
		C41ED652264F7D5A00182D5D /* Debug */ = {
			isa = XCBuildConfiguration;
			baseConfigurationReference = 40288826B68F3A0255958B6A /* Pods-Weather.debug.xcconfig */;
			buildSettings = {
				ASSETCATALOG_COMPILER_APPICON_NAME = AppIcon;
				ASSETCATALOG_COMPILER_GLOBAL_ACCENT_COLOR_NAME = AccentColor;
				CODE_SIGN_STYLE = Automatic;
				INFOPLIST_FILE = Weather/Info.plist;
				LD_RUNPATH_SEARCH_PATHS = (
					"$(inherited)",
					"@executable_path/Frameworks",
				);
				PRODUCT_BUNDLE_IDENTIFIER = com.ashirvad.Weather;
				PRODUCT_NAME = "$(TARGET_NAME)";
				SWIFT_VERSION = 5.0;
				TARGETED_DEVICE_FAMILY = "1,2";
			};
			name = Debug;
		};
		C41ED653264F7D5A00182D5D /* Release */ = {
			isa = XCBuildConfiguration;
			baseConfigurationReference = E7E27FE289404DD09DC89A25 /* Pods-Weather.release.xcconfig */;
			buildSettings = {
				ASSETCATALOG_COMPILER_APPICON_NAME = AppIcon;
				ASSETCATALOG_COMPILER_GLOBAL_ACCENT_COLOR_NAME = AccentColor;
				CODE_SIGN_STYLE = Automatic;
				INFOPLIST_FILE = Weather/Info.plist;
				LD_RUNPATH_SEARCH_PATHS = (
					"$(inherited)",
					"@executable_path/Frameworks",
				);
				PRODUCT_BUNDLE_IDENTIFIER = com.ashirvad.Weather;
				PRODUCT_NAME = "$(TARGET_NAME)";
				SWIFT_VERSION = 5.0;
				TARGETED_DEVICE_FAMILY = "1,2";
			};
			name = Release;
		};
		C41ED655264F7D5A00182D5D /* Debug */ = {
			isa = XCBuildConfiguration;
			baseConfigurationReference = 6A063E77F77E3BD1B25096E4 /* Pods-WeatherTests.debug.xcconfig */;
			buildSettings = {
				ALWAYS_EMBED_SWIFT_STANDARD_LIBRARIES = YES;
				BUNDLE_LOADER = "$(TEST_HOST)";
				CODE_SIGN_STYLE = Automatic;
				INFOPLIST_FILE = WeatherTests/Info.plist;
				IPHONEOS_DEPLOYMENT_TARGET = 14.5;
				LD_RUNPATH_SEARCH_PATHS = (
					"$(inherited)",
					"@executable_path/Frameworks",
					"@loader_path/Frameworks",
				);
				PRODUCT_BUNDLE_IDENTIFIER = com.ashirvad.WeatherTests;
				PRODUCT_NAME = "$(TARGET_NAME)";
				SWIFT_VERSION = 5.0;
				TARGETED_DEVICE_FAMILY = "1,2";
				TEST_HOST = "$(BUILT_PRODUCTS_DIR)/Weather.app/Weather";
			};
			name = Debug;
		};
		C41ED656264F7D5A00182D5D /* Release */ = {
			isa = XCBuildConfiguration;
			baseConfigurationReference = D8958CC9387C20DA62F60F10 /* Pods-WeatherTests.release.xcconfig */;
			buildSettings = {
				ALWAYS_EMBED_SWIFT_STANDARD_LIBRARIES = YES;
				BUNDLE_LOADER = "$(TEST_HOST)";
				CODE_SIGN_STYLE = Automatic;
				INFOPLIST_FILE = WeatherTests/Info.plist;
				IPHONEOS_DEPLOYMENT_TARGET = 14.5;
				LD_RUNPATH_SEARCH_PATHS = (
					"$(inherited)",
					"@executable_path/Frameworks",
					"@loader_path/Frameworks",
				);
				PRODUCT_BUNDLE_IDENTIFIER = com.ashirvad.WeatherTests;
				PRODUCT_NAME = "$(TARGET_NAME)";
				SWIFT_VERSION = 5.0;
				TARGETED_DEVICE_FAMILY = "1,2";
				TEST_HOST = "$(BUILT_PRODUCTS_DIR)/Weather.app/Weather";
			};
			name = Release;
		};
		C41ED658264F7D5A00182D5D /* Debug */ = {
			isa = XCBuildConfiguration;
			baseConfigurationReference = B240493BB5811A61C73BE3B6 /* Pods-Weather-WeatherUITests.debug.xcconfig */;
			buildSettings = {
				ALWAYS_EMBED_SWIFT_STANDARD_LIBRARIES = YES;
				CODE_SIGN_STYLE = Automatic;
				INFOPLIST_FILE = WeatherUITests/Info.plist;
				LD_RUNPATH_SEARCH_PATHS = (
					"$(inherited)",
					"@executable_path/Frameworks",
					"@loader_path/Frameworks",
				);
				PRODUCT_BUNDLE_IDENTIFIER = com.ashirvad.WeatherUITests;
				PRODUCT_NAME = "$(TARGET_NAME)";
				SWIFT_VERSION = 5.0;
				TARGETED_DEVICE_FAMILY = "1,2";
				TEST_TARGET_NAME = Weather;
			};
			name = Debug;
		};
		C41ED659264F7D5A00182D5D /* Release */ = {
			isa = XCBuildConfiguration;
			baseConfigurationReference = B4970C07A6A30868749626D8 /* Pods-Weather-WeatherUITests.release.xcconfig */;
			buildSettings = {
				ALWAYS_EMBED_SWIFT_STANDARD_LIBRARIES = YES;
				CODE_SIGN_STYLE = Automatic;
				INFOPLIST_FILE = WeatherUITests/Info.plist;
				LD_RUNPATH_SEARCH_PATHS = (
					"$(inherited)",
					"@executable_path/Frameworks",
					"@loader_path/Frameworks",
				);
				PRODUCT_BUNDLE_IDENTIFIER = com.ashirvad.WeatherUITests;
				PRODUCT_NAME = "$(TARGET_NAME)";
				SWIFT_VERSION = 5.0;
				TARGETED_DEVICE_FAMILY = "1,2";
				TEST_TARGET_NAME = Weather;
			};
			name = Release;
		};
/* End XCBuildConfiguration section */

/* Begin XCConfigurationList section */
		C41ED622264F7D5800182D5D /* Build configuration list for PBXProject "Weather" */ = {
			isa = XCConfigurationList;
			buildConfigurations = (
				C41ED64F264F7D5A00182D5D /* Debug */,
				C41ED650264F7D5A00182D5D /* Release */,
			);
			defaultConfigurationIsVisible = 0;
			defaultConfigurationName = Release;
		};
		C41ED651264F7D5A00182D5D /* Build configuration list for PBXNativeTarget "Weather" */ = {
			isa = XCConfigurationList;
			buildConfigurations = (
				C41ED652264F7D5A00182D5D /* Debug */,
				C41ED653264F7D5A00182D5D /* Release */,
			);
			defaultConfigurationIsVisible = 0;
			defaultConfigurationName = Release;
		};
		C41ED654264F7D5A00182D5D /* Build configuration list for PBXNativeTarget "WeatherTests" */ = {
			isa = XCConfigurationList;
			buildConfigurations = (
				C41ED655264F7D5A00182D5D /* Debug */,
				C41ED656264F7D5A00182D5D /* Release */,
			);
			defaultConfigurationIsVisible = 0;
			defaultConfigurationName = Release;
		};
		C41ED657264F7D5A00182D5D /* Build configuration list for PBXNativeTarget "WeatherUITests" */ = {
			isa = XCConfigurationList;
			buildConfigurations = (
				C41ED658264F7D5A00182D5D /* Debug */,
				C41ED659264F7D5A00182D5D /* Release */,
			);
			defaultConfigurationIsVisible = 0;
			defaultConfigurationName = Release;
		};
/* End XCConfigurationList section */
	};
	rootObject = C41ED61F264F7D5800182D5D /* Project object */;
}
