// !$*UTF8*$!
{
	archiveVersion = 1;
	classes = {
	};
	objectVersion = 50;
	objects = {

/* Begin PBXBuildFile section */
		C41ED62B264F7D5800182D5D /* AppDelegate.swift in Sources */ = {isa = PBXBuildFile; fileRef = C41ED62A264F7D5800182D5D /* AppDelegate.swift */; };
		C41ED62D264F7D5800182D5D /* SceneDelegate.swift in Sources */ = {isa = PBXBuildFile; fileRef = C41ED62C264F7D5800182D5D /* SceneDelegate.swift */; };
		C41ED62F264F7D5800182D5D /* ViewController.swift in Sources */ = {isa = PBXBuildFile; fileRef = C41ED62E264F7D5800182D5D /* ViewController.swift */; };
		C41ED632264F7D5800182D5D /* Main.storyboard in Resources */ = {isa = PBXBuildFile; fileRef = C41ED630264F7D5800182D5D /* Main.storyboard */; };
		C41ED634264F7D5A00182D5D /* Assets.xcassets in Resources */ = {isa = PBXBuildFile; fileRef = C41ED633264F7D5A00182D5D /* Assets.xcassets */; };
		C41ED637264F7D5A00182D5D /* LaunchScreen.storyboard in Resources */ = {isa = PBXBuildFile; fileRef = C41ED635264F7D5A00182D5D /* LaunchScreen.storyboard */; };
		C41ED642264F7D5A00182D5D /* WeatherTests.swift in Sources */ = {isa = PBXBuildFile; fileRef = C41ED641264F7D5A00182D5D /* WeatherTests.swift */; };
		C41ED64D264F7D5A00182D5D /* WeatherUITests.swift in Sources */ = {isa = PBXBuildFile; fileRef = C41ED64C264F7D5A00182D5D /* WeatherUITests.swift */; };
/* End PBXBuildFile section */

/* Begin PBXContainerItemProxy section */
		C41ED63E264F7D5A00182D5D /* PBXContainerItemProxy */ = {
			isa = PBXContainerItemProxy;
			containerPortal = C41ED61F264F7D5800182D5D /* Project object */;
			proxyType = 1;
			remoteGlobalIDString = C41ED626264F7D5800182D5D;
			remoteInfo = Weather;
		};
		C41ED649264F7D5A00182D5D /* PBXContainerItemProxy */ = {
			isa = PBXContainerItemProxy;
			containerPortal = C41ED61F264F7D5800182D5D /* Project object */;
			proxyType = 1;
			remoteGlobalIDString = C41ED626264F7D5800182D5D;
			remoteInfo = Weather;
		};
/* End PBXContainerItemProxy section */

/* Begin PBXFileReference section */
		C41ED627264F7D5800182D5D /* Weather.app */ = {isa = PBXFileReference; explicitFileType = wrapper.application; includeInIndex = 0; path = Weather.app; sourceTree = BUILT_PRODUCTS_DIR; };
		C41ED62A264F7D5800182D5D /* AppDelegate.swift */ = {isa = PBXFileReference; lastKnownFileType = sourcecode.swift; path = AppDelegate.swift; sourceTree = "<group>"; };
		C41ED62C264F7D5800182D5D /* SceneDelegate.swift */ = {isa = PBXFileReference; lastKnownFileType = sourcecode.swift; path = SceneDelegate.swift; sourceTree = "<group>"; };
		C41ED62E264F7D5800182D5D /* ViewController.swift */ = {isa = PBXFileReference; lastKnownFileType = sourcecode.swift; path = ViewController.swift; sourceTree = "<group>"; };
		C41ED631264F7D5800182D5D /* Base */ = {isa = PBXFileReference; lastKnownFileType = file.storyboard; name = Base; path = Base.lproj/Main.storyboard; sourceTree = "<group>"; };
		C41ED633264F7D5A00182D5D /* Assets.xcassets */ = {isa = PBXFileReference; lastKnownFileType = folder.assetcatalog; path = Assets.xcassets; sourceTree = "<group>"; };
		C41ED636264F7D5A00182D5D /* Base */ = {isa = PBXFileReference; lastKnownFileType = file.storyboard; name = Base; path = Base.lproj/LaunchScreen.storyboard; sourceTree = "<group>"; };
		C41ED638264F7D5A00182D5D /* Info.plist */ = {isa = PBXFileReference; lastKnownFileType = text.plist.xml; path = Info.plist; sourceTree = "<group>"; };
		C41ED63D264F7D5A00182D5D /* WeatherTests.xctest */ = {isa = PBXFileReference; explicitFileType = wrapper.cfbundle; includeInIndex = 0; path = WeatherTests.xctest; sourceTree = BUILT_PRODUCTS_DIR; };
		C41ED641264F7D5A00182D5D /* WeatherTests.swift */ = {isa = PBXFileReference; lastKnownFileType = sourcecode.swift; path = WeatherTests.swift; sourceTree = "<group>"; };
		C41ED643264F7D5A00182D5D /* Info.plist */ = {isa = PBXFileReference; lastKnownFileType = text.plist.xml; path = Info.plist; sourceTree = "<group>"; };
		C41ED648264F7D5A00182D5D /* WeatherUITests.xctest */ = {isa = PBXFileReference; explicitFileType = wrapper.cfbundle; includeInIndex = 0; path = WeatherUITests.xctest; sourceTree = BUILT_PRODUCTS_DIR; };
		C41ED64C264F7D5A00182D5D /* WeatherUITests.swift */ = {isa = PBXFileReference; lastKnownFileType = sourcecode.swift; path = WeatherUITests.swift; sourceTree = "<group>"; };
		C41ED64E264F7D5A00182D5D /* Info.plist */ = {isa = PBXFileReference; lastKnownFileType = text.plist.xml; path = Info.plist; sourceTree = "<group>"; };
/* End PBXFileReference section */

/* Begin PBXFrameworksBuildPhase section */
		C41ED624264F7D5800182D5D /* Frameworks */ = {
			isa = PBXFrameworksBuildPhase;
			buildActionMask = 2147483647;
			files = (
			);
			runOnlyForDeploymentPostprocessing = 0;
		};
		C41ED63A264F7D5A00182D5D /* Frameworks */ = {
			isa = PBXFrameworksBuildPhase;
			buildActionMask = 2147483647;
			files = (
			);
			runOnlyForDeploymentPostprocessing = 0;
		};
		C41ED645264F7D5A00182D5D /* Frameworks */ = {
			isa = PBXFrameworksBuildPhase;
			buildActionMask = 2147483647;
			files = (
			);
			runOnlyForDeploymentPostprocessing = 0;
		};
/* End PBXFrameworksBuildPhase section */

/* Begin PBXGroup section */
		C41ED61E264F7D5800182D5D = {
			isa = PBXGroup;
			children = (
				C41ED629264F7D5800182D5D /* Weather */,
				C41ED640264F7D5A00182D5D /* WeatherTests */,
				C41ED64B264F7D5A00182D5D /* WeatherUITests */,
				C41ED628264F7D5800182D5D /* Products */,
			);
			sourceTree = "<group>";
		};
		C41ED628264F7D5800182D5D /* Products */ = {
			isa = PBXGroup;
			children = (
				C41ED627264F7D5800182D5D /* Weather.app */,
				C41ED63D264F7D5A00182D5D /* WeatherTests.xctest */,
				C41ED648264F7D5A00182D5D /* WeatherUITests.xctest */,
			);
			name = Products;
			sourceTree = "<group>";
		};
		C41ED629264F7D5800182D5D /* Weather */ = {
			isa = PBXGroup;
			children = (
				C41ED62A264F7D5800182D5D /* AppDelegate.swift */,
				C41ED62C264F7D5800182D5D /* SceneDelegate.swift */,
				C41ED62E264F7D5800182D5D /* ViewController.swift */,
				C41ED630264F7D5800182D5D /* Main.storyboard */,
				C41ED633264F7D5A00182D5D /* Assets.xcassets */,
				C41ED635264F7D5A00182D5D /* LaunchScreen.storyboard */,
				C41ED638264F7D5A00182D5D /* Info.plist */,
			);
			path = Weather;
			sourceTree = "<group>";
		};
		C41ED640264F7D5A00182D5D /* WeatherTests */ = {
			isa = PBXGroup;
			children = (
				C41ED641264F7D5A00182D5D /* WeatherTests.swift */,
				C41ED643264F7D5A00182D5D /* Info.plist */,
			);
			path = WeatherTests;
			sourceTree = "<group>";
		};
		C41ED64B264F7D5A00182D5D /* WeatherUITests */ = {
			isa = PBXGroup;
			children = (
				C41ED64C264F7D5A00182D5D /* WeatherUITests.swift */,
				C41ED64E264F7D5A00182D5D /* Info.plist */,
			);
			path = WeatherUITests;
			sourceTree = "<group>";
		};
/* End PBXGroup section */

/* Begin PBXNativeTarget section */
		C41ED626264F7D5800182D5D /* Weather */ = {
			isa = PBXNativeTarget;
			buildConfigurationList = C41ED651264F7D5A00182D5D /* Build configuration list for PBXNativeTarget "Weather" */;
			buildPhases = (
				C41ED623264F7D5800182D5D /* Sources */,
				C41ED624264F7D5800182D5D /* Frameworks */,
				C41ED625264F7D5800182D5D /* Resources */,
			);
			buildRules = (
			);
			dependencies = (
			);
			name = Weather;
			productName = Weather;
			productReference = C41ED627264F7D5800182D5D /* Weather.app */;
			productType = "com.apple.product-type.application";
		};
		C41ED63C264F7D5A00182D5D /* WeatherTests */ = {
			isa = PBXNativeTarget;
			buildConfigurationList = C41ED654264F7D5A00182D5D /* Build configuration list for PBXNativeTarget "WeatherTests" */;
			buildPhases = (
				C41ED639264F7D5A00182D5D /* Sources */,
				C41ED63A264F7D5A00182D5D /* Frameworks */,
				C41ED63B264F7D5A00182D5D /* Resources */,
			);
			buildRules = (
			);
			dependencies = (
				C41ED63F264F7D5A00182D5D /* PBXTargetDependency */,
			);
			name = WeatherTests;
			productName = WeatherTests;
			productReference = C41ED63D264F7D5A00182D5D /* WeatherTests.xctest */;
			productType = "com.apple.product-type.bundle.unit-test";
		};
		C41ED647264F7D5A00182D5D /* WeatherUITests */ = {
			isa = PBXNativeTarget;
			buildConfigurationList = C41ED657264F7D5A00182D5D /* Build configuration list for PBXNativeTarget "WeatherUITests" */;
			buildPhases = (
				C41ED644264F7D5A00182D5D /* Sources */,
				C41ED645264F7D5A00182D5D /* Frameworks */,
				C41ED646264F7D5A00182D5D /* Resources */,
			);
			buildRules = (
			);
			dependencies = (
				C41ED64A264F7D5A00182D5D /* PBXTargetDependency */,
			);
			name = WeatherUITests;
			productName = WeatherUITests;
			productReference = C41ED648264F7D5A00182D5D /* WeatherUITests.xctest */;
			productType = "com.apple.product-type.bundle.ui-testing";
		};
/* End PBXNativeTarget section */

/* Begin PBXProject section */
		C41ED61F264F7D5800182D5D /* Project object */ = {
			isa = PBXProject;
			attributes = {
				LastSwiftUpdateCheck = 1250;
				LastUpgradeCheck = 1250;
				TargetAttributes = {
					C41ED626264F7D5800182D5D = {
						CreatedOnToolsVersion = 12.5;
					};
					C41ED63C264F7D5A00182D5D = {
						CreatedOnToolsVersion = 12.5;
						TestTargetID = C41ED626264F7D5800182D5D;
					};
					C41ED647264F7D5A00182D5D = {
						CreatedOnToolsVersion = 12.5;
						TestTargetID = C41ED626264F7D5800182D5D;
					};
				};
			};
			buildConfigurationList = C41ED622264F7D5800182D5D /* Build configuration list for PBXProject "Weather" */;
			compatibilityVersion = "Xcode 9.3";
			developmentRegion = en;
			hasScannedForEncodings = 0;
			knownRegions = (
				en,
				Base,
			);
			mainGroup = C41ED61E264F7D5800182D5D;
			productRefGroup = C41ED628264F7D5800182D5D /* Products */;
			projectDirPath = "";
			projectRoot = "";
			targets = (
				C41ED626264F7D5800182D5D /* Weather */,
				C41ED63C264F7D5A00182D5D /* WeatherTests */,
				C41ED647264F7D5A00182D5D /* WeatherUITests */,
			);
		};
/* End PBXProject section */

/* Begin PBXResourcesBuildPhase section */
		C41ED625264F7D5800182D5D /* Resources */ = {
			isa = PBXResourcesBuildPhase;
			buildActionMask = 2147483647;
			files = (
				C41ED637264F7D5A00182D5D /* LaunchScreen.storyboard in Resources */,
				C41ED634264F7D5A00182D5D /* Assets.xcassets in Resources */,
				C41ED632264F7D5800182D5D /* Main.storyboard in Resources */,
			);
			runOnlyForDeploymentPostprocessing = 0;
		};
		C41ED63B264F7D5A00182D5D /* Resources */ = {
			isa = PBXResourcesBuildPhase;
			buildActionMask = 2147483647;
			files = (
			);
			runOnlyForDeploymentPostprocessing = 0;
		};
		C41ED646264F7D5A00182D5D /* Resources */ = {
			isa = PBXResourcesBuildPhase;
			buildActionMask = 2147483647;
			files = (
			);
			runOnlyForDeploymentPostprocessing = 0;
		};
/* End PBXResourcesBuildPhase section */

/* Begin PBXSourcesBuildPhase section */
		C41ED623264F7D5800182D5D /* Sources */ = {
			isa = PBXSourcesBuildPhase;
			buildActionMask = 2147483647;
			files = (
				C41ED62F264F7D5800182D5D /* ViewController.swift in Sources */,
				C41ED62B264F7D5800182D5D /* AppDelegate.swift in Sources */,
				C41ED62D264F7D5800182D5D /* SceneDelegate.swift in Sources */,
			);
			runOnlyForDeploymentPostprocessing = 0;
		};
		C41ED639264F7D5A00182D5D /* Sources */ = {
			isa = PBXSourcesBuildPhase;
			buildActionMask = 2147483647;
			files = (
				C41ED642264F7D5A00182D5D /* WeatherTests.swift in Sources */,
			);
			runOnlyForDeploymentPostprocessing = 0;
		};
		C41ED644264F7D5A00182D5D /* Sources */ = {
			isa = PBXSourcesBuildPhase;
			buildActionMask = 2147483647;
			files = (
				C41ED64D264F7D5A00182D5D /* WeatherUITests.swift in Sources */,
			);
			runOnlyForDeploymentPostprocessing = 0;
		};
/* End PBXSourcesBuildPhase section */

/* Begin PBXTargetDependency section */
		C41ED63F264F7D5A00182D5D /* PBXTargetDependency */ = {
			isa = PBXTargetDependency;
			target = C41ED626264F7D5800182D5D /* Weather */;
			targetProxy = C41ED63E264F7D5A00182D5D /* PBXContainerItemProxy */;
		};
		C41ED64A264F7D5A00182D5D /* PBXTargetDependency */ = {
			isa = PBXTargetDependency;
			target = C41ED626264F7D5800182D5D /* Weather */;
			targetProxy = C41ED649264F7D5A00182D5D /* PBXContainerItemProxy */;
		};
/* End PBXTargetDependency section */

/* Begin PBXVariantGroup section */
		C41ED630264F7D5800182D5D /* Main.storyboard */ = {
			isa = PBXVariantGroup;
			children = (
				C41ED631264F7D5800182D5D /* Base */,
			);
			name = Main.storyboard;
			sourceTree = "<group>";
		};
		C41ED635264F7D5A00182D5D /* LaunchScreen.storyboard */ = {
			isa = PBXVariantGroup;
			children = (
				C41ED636264F7D5A00182D5D /* Base */,
			);
			name = LaunchScreen.storyboard;
			sourceTree = "<group>";
		};
/* End PBXVariantGroup section */

/* Begin XCBuildConfiguration section */
		C41ED64F264F7D5A00182D5D /* Debug */ = {
			isa = XCBuildConfiguration;
			buildSettings = {
				ALWAYS_SEARCH_USER_PATHS = NO;
				CLANG_ANALYZER_NONNULL = YES;
				CLANG_ANALYZER_NUMBER_OBJECT_CONVERSION = YES_AGGRESSIVE;
				CLANG_CXX_LANGUAGE_STANDARD = "gnu++14";
				CLANG_CXX_LIBRARY = "libc++";
				CLANG_ENABLE_MODULES = YES;
				CLANG_ENABLE_OBJC_ARC = YES;
				CLANG_ENABLE_OBJC_WEAK = YES;
				CLANG_WARN_BLOCK_CAPTURE_AUTORELEASING = YES;
				CLANG_WARN_BOOL_CONVERSION = YES;
				CLANG_WARN_COMMA = YES;
				CLANG_WARN_CONSTANT_CONVERSION = YES;
				CLANG_WARN_DEPRECATED_OBJC_IMPLEMENTATIONS = YES;
				CLANG_WARN_DIRECT_OBJC_ISA_USAGE = YES_ERROR;
				CLANG_WARN_DOCUMENTATION_COMMENTS = YES;
				CLANG_WARN_EMPTY_BODY = YES;
				CLANG_WARN_ENUM_CONVERSION = YES;
				CLANG_WARN_INFINITE_RECURSION = YES;
				CLANG_WARN_INT_CONVERSION = YES;
				CLANG_WARN_NON_LITERAL_NULL_CONVERSION = YES;
				CLANG_WARN_OBJC_IMPLICIT_RETAIN_SELF = YES;
				CLANG_WARN_OBJC_LITERAL_CONVERSION = YES;
				CLANG_WARN_OBJC_ROOT_CLASS = YES_ERROR;
				CLANG_WARN_QUOTED_INCLUDE_IN_FRAMEWORK_HEADER = YES;
				CLANG_WARN_RANGE_LOOP_ANALYSIS = YES;
				CLANG_WARN_STRICT_PROTOTYPES = YES;
				CLANG_WARN_SUSPICIOUS_MOVE = YES;
				CLANG_WARN_UNGUARDED_AVAILABILITY = YES_AGGRESSIVE;
				CLANG_WARN_UNREACHABLE_CODE = YES;
				CLANG_WARN__DUPLICATE_METHOD_MATCH = YES;
				COPY_PHASE_STRIP = NO;
				DEBUG_INFORMATION_FORMAT = dwarf;
				ENABLE_STRICT_OBJC_MSGSEND = YES;
				ENABLE_TESTABILITY = YES;
				GCC_C_LANGUAGE_STANDARD = gnu11;
				GCC_DYNAMIC_NO_PIC = NO;
				GCC_NO_COMMON_BLOCKS = YES;
				GCC_OPTIMIZATION_LEVEL = 0;
				GCC_PREPROCESSOR_DEFINITIONS = (
					"DEBUG=1",
					"$(inherited)",
				);
				GCC_WARN_64_TO_32_BIT_CONVERSION = YES;
				GCC_WARN_ABOUT_RETURN_TYPE = YES_ERROR;
				GCC_WARN_UNDECLARED_SELECTOR = YES;
				GCC_WARN_UNINITIALIZED_AUTOS = YES_AGGRESSIVE;
				GCC_WARN_UNUSED_FUNCTION = YES;
				GCC_WARN_UNUSED_VARIABLE = YES;
				IPHONEOS_DEPLOYMENT_TARGET = 14.5;
				MTL_ENABLE_DEBUG_INFO = INCLUDE_SOURCE;
				MTL_FAST_MATH = YES;
				ONLY_ACTIVE_ARCH = YES;
				SDKROOT = iphoneos;
				SWIFT_ACTIVE_COMPILATION_CONDITIONS = DEBUG;
				SWIFT_OPTIMIZATION_LEVEL = "-Onone";
			};
			name = Debug;
		};
		C41ED650264F7D5A00182D5D /* Release */ = {
			isa = XCBuildConfiguration;
			buildSettings = {
				ALWAYS_SEARCH_USER_PATHS = NO;
				CLANG_ANALYZER_NONNULL = YES;
				CLANG_ANALYZER_NUMBER_OBJECT_CONVERSION = YES_AGGRESSIVE;
				CLANG_CXX_LANGUAGE_STANDARD = "gnu++14";
				CLANG_CXX_LIBRARY = "libc++";
				CLANG_ENABLE_MODULES = YES;
				CLANG_ENABLE_OBJC_ARC = YES;
				CLANG_ENABLE_OBJC_WEAK = YES;
				CLANG_WARN_BLOCK_CAPTURE_AUTORELEASING = YES;
				CLANG_WARN_BOOL_CONVERSION = YES;
				CLANG_WARN_COMMA = YES;
				CLANG_WARN_CONSTANT_CONVERSION = YES;
				CLANG_WARN_DEPRECATED_OBJC_IMPLEMENTATIONS = YES;
				CLANG_WARN_DIRECT_OBJC_ISA_USAGE = YES_ERROR;
				CLANG_WARN_DOCUMENTATION_COMMENTS = YES;
				CLANG_WARN_EMPTY_BODY = YES;
				CLANG_WARN_ENUM_CONVERSION = YES;
				CLANG_WARN_INFINITE_RECURSION = YES;
				CLANG_WARN_INT_CONVERSION = YES;
				CLANG_WARN_NON_LITERAL_NULL_CONVERSION = YES;
				CLANG_WARN_OBJC_IMPLICIT_RETAIN_SELF = YES;
				CLANG_WARN_OBJC_LITERAL_CONVERSION = YES;
				CLANG_WARN_OBJC_ROOT_CLASS = YES_ERROR;
				CLANG_WARN_QUOTED_INCLUDE_IN_FRAMEWORK_HEADER = YES;
				CLANG_WARN_RANGE_LOOP_ANALYSIS = YES;
				CLANG_WARN_STRICT_PROTOTYPES = YES;
				CLANG_WARN_SUSPICIOUS_MOVE = YES;
				CLANG_WARN_UNGUARDED_AVAILABILITY = YES_AGGRESSIVE;
				CLANG_WARN_UNREACHABLE_CODE = YES;
				CLANG_WARN__DUPLICATE_METHOD_MATCH = YES;
				COPY_PHASE_STRIP = NO;
				DEBUG_INFORMATION_FORMAT = "dwarf-with-dsym";
				ENABLE_NS_ASSERTIONS = NO;
				ENABLE_STRICT_OBJC_MSGSEND = YES;
				GCC_C_LANGUAGE_STANDARD = gnu11;
				GCC_NO_COMMON_BLOCKS = YES;
				GCC_WARN_64_TO_32_BIT_CONVERSION = YES;
				GCC_WARN_ABOUT_RETURN_TYPE = YES_ERROR;
				GCC_WARN_UNDECLARED_SELECTOR = YES;
				GCC_WARN_UNINITIALIZED_AUTOS = YES_AGGRESSIVE;
				GCC_WARN_UNUSED_FUNCTION = YES;
				GCC_WARN_UNUSED_VARIABLE = YES;
				IPHONEOS_DEPLOYMENT_TARGET = 14.5;
				MTL_ENABLE_DEBUG_INFO = NO;
				MTL_FAST_MATH = YES;
				SDKROOT = iphoneos;
				SWIFT_COMPILATION_MODE = wholemodule;
				SWIFT_OPTIMIZATION_LEVEL = "-O";
				VALIDATE_PRODUCT = YES;
			};
			name = Release;
		};
		C41ED652264F7D5A00182D5D /* Debug */ = {
			isa = XCBuildConfiguration;
			buildSettings = {
				ASSETCATALOG_COMPILER_APPICON_NAME = AppIcon;
				ASSETCATALOG_COMPILER_GLOBAL_ACCENT_COLOR_NAME = AccentColor;
				CODE_SIGN_STYLE = Automatic;
				INFOPLIST_FILE = Weather/Info.plist;
				LD_RUNPATH_SEARCH_PATHS = (
					"$(inherited)",
					"@executable_path/Frameworks",
				);
				PRODUCT_BUNDLE_IDENTIFIER = com.ashirvad.Weather;
				PRODUCT_NAME = "$(TARGET_NAME)";
				SWIFT_VERSION = 5.0;
				TARGETED_DEVICE_FAMILY = "1,2";
			};
			name = Debug;
		};
		C41ED653264F7D5A00182D5D /* Release */ = {
			isa = XCBuildConfiguration;
			buildSettings = {
				ASSETCATALOG_COMPILER_APPICON_NAME = AppIcon;
				ASSETCATALOG_COMPILER_GLOBAL_ACCENT_COLOR_NAME = AccentColor;
				CODE_SIGN_STYLE = Automatic;
				INFOPLIST_FILE = Weather/Info.plist;
				LD_RUNPATH_SEARCH_PATHS = (
					"$(inherited)",
					"@executable_path/Frameworks",
				);
				PRODUCT_BUNDLE_IDENTIFIER = com.ashirvad.Weather;
				PRODUCT_NAME = "$(TARGET_NAME)";
				SWIFT_VERSION = 5.0;
				TARGETED_DEVICE_FAMILY = "1,2";
			};
			name = Release;
		};
		C41ED655264F7D5A00182D5D /* Debug */ = {
			isa = XCBuildConfiguration;
			buildSettings = {
				ALWAYS_EMBED_SWIFT_STANDARD_LIBRARIES = YES;
				BUNDLE_LOADER = "$(TEST_HOST)";
				CODE_SIGN_STYLE = Automatic;
				INFOPLIST_FILE = WeatherTests/Info.plist;
				IPHONEOS_DEPLOYMENT_TARGET = 14.5;
				LD_RUNPATH_SEARCH_PATHS = (
					"$(inherited)",
					"@executable_path/Frameworks",
					"@loader_path/Frameworks",
				);
				PRODUCT_BUNDLE_IDENTIFIER = com.ashirvad.WeatherTests;
				PRODUCT_NAME = "$(TARGET_NAME)";
				SWIFT_VERSION = 5.0;
				TARGETED_DEVICE_FAMILY = "1,2";
				TEST_HOST = "$(BUILT_PRODUCTS_DIR)/Weather.app/Weather";
			};
			name = Debug;
		};
		C41ED656264F7D5A00182D5D /* Release */ = {
			isa = XCBuildConfiguration;
			buildSettings = {
				ALWAYS_EMBED_SWIFT_STANDARD_LIBRARIES = YES;
				BUNDLE_LOADER = "$(TEST_HOST)";
				CODE_SIGN_STYLE = Automatic;
				INFOPLIST_FILE = WeatherTests/Info.plist;
				IPHONEOS_DEPLOYMENT_TARGET = 14.5;
				LD_RUNPATH_SEARCH_PATHS = (
					"$(inherited)",
					"@executable_path/Frameworks",
					"@loader_path/Frameworks",
				);
				PRODUCT_BUNDLE_IDENTIFIER = com.ashirvad.WeatherTests;
				PRODUCT_NAME = "$(TARGET_NAME)";
				SWIFT_VERSION = 5.0;
				TARGETED_DEVICE_FAMILY = "1,2";
				TEST_HOST = "$(BUILT_PRODUCTS_DIR)/Weather.app/Weather";
			};
			name = Release;
		};
		C41ED658264F7D5A00182D5D /* Debug */ = {
			isa = XCBuildConfiguration;
			buildSettings = {
				ALWAYS_EMBED_SWIFT_STANDARD_LIBRARIES = YES;
				CODE_SIGN_STYLE = Automatic;
				INFOPLIST_FILE = WeatherUITests/Info.plist;
				LD_RUNPATH_SEARCH_PATHS = (
					"$(inherited)",
					"@executable_path/Frameworks",
					"@loader_path/Frameworks",
				);
				PRODUCT_BUNDLE_IDENTIFIER = com.ashirvad.WeatherUITests;
				PRODUCT_NAME = "$(TARGET_NAME)";
				SWIFT_VERSION = 5.0;
				TARGETED_DEVICE_FAMILY = "1,2";
				TEST_TARGET_NAME = Weather;
			};
			name = Debug;
		};
		C41ED659264F7D5A00182D5D /* Release */ = {
			isa = XCBuildConfiguration;
			buildSettings = {
				ALWAYS_EMBED_SWIFT_STANDARD_LIBRARIES = YES;
				CODE_SIGN_STYLE = Automatic;
				INFOPLIST_FILE = WeatherUITests/Info.plist;
				LD_RUNPATH_SEARCH_PATHS = (
					"$(inherited)",
					"@executable_path/Frameworks",
					"@loader_path/Frameworks",
				);
				PRODUCT_BUNDLE_IDENTIFIER = com.ashirvad.WeatherUITests;
				PRODUCT_NAME = "$(TARGET_NAME)";
				SWIFT_VERSION = 5.0;
				TARGETED_DEVICE_FAMILY = "1,2";
				TEST_TARGET_NAME = Weather;
			};
			name = Release;
		};
/* End XCBuildConfiguration section */

/* Begin XCConfigurationList section */
		C41ED622264F7D5800182D5D /* Build configuration list for PBXProject "Weather" */ = {
			isa = XCConfigurationList;
			buildConfigurations = (
				C41ED64F264F7D5A00182D5D /* Debug */,
				C41ED650264F7D5A00182D5D /* Release */,
			);
			defaultConfigurationIsVisible = 0;
			defaultConfigurationName = Release;
		};
		C41ED651264F7D5A00182D5D /* Build configuration list for PBXNativeTarget "Weather" */ = {
			isa = XCConfigurationList;
			buildConfigurations = (
				C41ED652264F7D5A00182D5D /* Debug */,
				C41ED653264F7D5A00182D5D /* Release */,
			);
			defaultConfigurationIsVisible = 0;
			defaultConfigurationName = Release;
		};
		C41ED654264F7D5A00182D5D /* Build configuration list for PBXNativeTarget "WeatherTests" */ = {
			isa = XCConfigurationList;
			buildConfigurations = (
				C41ED655264F7D5A00182D5D /* Debug */,
				C41ED656264F7D5A00182D5D /* Release */,
			);
			defaultConfigurationIsVisible = 0;
			defaultConfigurationName = Release;
		};
		C41ED657264F7D5A00182D5D /* Build configuration list for PBXNativeTarget "WeatherUITests" */ = {
			isa = XCConfigurationList;
			buildConfigurations = (
				C41ED658264F7D5A00182D5D /* Debug */,
				C41ED659264F7D5A00182D5D /* Release */,
			);
			defaultConfigurationIsVisible = 0;
			defaultConfigurationName = Release;
		};
/* End XCConfigurationList section */
	};
	rootObject = C41ED61F264F7D5800182D5D /* Project object */;
}
